
Microsoft Visual Studio Solution File, Format Version 12.00
# Visual Studio Version 16
VisualStudioVersion = 16.0.30330.147
MinimumVisualStudioVersion = 10.0.40219.1
Project("{9A19103F-16F7-4668-BE54-9A1E7A4F7556}") = "CryptoLib", "CryptoLib\CryptoLib.csproj", "{2FF7EC46-E75D-4E6C-A1FE-A5683EDE4741}"
EndProject
Project("{9A19103F-16F7-4668-BE54-9A1E7A4F7556}") = "XUnitTests", "XUnitTests\XUnitTests.csproj", "{317B59AE-CED7-4CAC-AA7E-73C0B66F6249}"
EndProject
Project("{9A19103F-16F7-4668-BE54-9A1E7A4F7556}") = "InMemCryptoText.WinFormsCore", "InMemCryptoText.WinFormsCore\InMemCryptoText.WinFormsCore.csproj", "{942673C7-4963-4C92-A519-F37CC84857D4}"
EndProject
Project("{FAE04EC0-301F-11D3-BF4B-00C04F79EFBC}") = "InMemCryptoText.SaveAll.WinForms", "InMemCryptoText.SaveAll.WinForms\InMemCryptoText.SaveAll.WinForms.csproj", "{A99FE273-D306-4471-92C1-307FC654BAB2}"
EndProject
Global
	GlobalSection(SolutionConfigurationPlatforms) = preSolution
		Debug|Any CPU = Debug|Any CPU
		Release|Any CPU = Release|Any CPU
	EndGlobalSection
	GlobalSection(ProjectConfigurationPlatforms) = postSolution
		{2FF7EC46-E75D-4E6C-A1FE-A5683EDE4741}.Debug|Any CPU.ActiveCfg = Debug|Any CPU
		{2FF7EC46-E75D-4E6C-A1FE-A5683EDE4741}.Debug|Any CPU.Build.0 = Debug|Any CPU
		{2FF7EC46-E75D-4E6C-A1FE-A5683EDE4741}.Release|Any CPU.ActiveCfg = Release|Any CPU
		{2FF7EC46-E75D-4E6C-A1FE-A5683EDE4741}.Release|Any CPU.Build.0 = Release|Any CPU
		{317B59AE-CED7-4CAC-AA7E-73C0B66F6249}.Debug|Any CPU.ActiveCfg = Debug|Any CPU
		{317B59AE-CED7-4CAC-AA7E-73C0B66F6249}.Debug|Any CPU.Build.0 = Debug|Any CPU
		{317B59AE-CED7-4CAC-AA7E-73C0B66F6249}.Release|Any CPU.ActiveCfg = Release|Any CPU
		{317B59AE-CED7-4CAC-AA7E-73C0B66F6249}.Release|Any CPU.Build.0 = Release|Any CPU
		{942673C7-4963-4C92-A519-F37CC84857D4}.Debug|Any CPU.ActiveCfg = Debug|Any CPU
		{942673C7-4963-4C92-A519-F37CC84857D4}.Debug|Any CPU.Build.0 = Debug|Any CPU
		{942673C7-4963-4C92-A519-F37CC84857D4}.Release|Any CPU.ActiveCfg = Release|Any CPU
		{942673C7-4963-4C92-A519-F37CC84857D4}.Release|Any CPU.Build.0 = Release|Any CPU
		{A99FE273-D306-4471-92C1-307FC654BAB2}.Debug|Any CPU.ActiveCfg = Debug|Any CPU
		{A99FE273-D306-4471-92C1-307FC654BAB2}.Debug|Any CPU.Build.0 = Debug|Any CPU
		{A99FE273-D306-4471-92C1-307FC654BAB2}.Release|Any CPU.ActiveCfg = Release|Any CPU
		{A99FE273-D306-4471-92C1-307FC654BAB2}.Release|Any CPU.Build.0 = Release|Any CPU
	EndGlobalSection
	GlobalSection(SolutionProperties) = preSolution
		HideSolutionNode = FALSE
	EndGlobalSection
	GlobalSection(ExtensibilityGlobals) = postSolution
		SolutionGuid = {267BB394-29F8-4162-8C68-026844EE2779}
	EndGlobalSection
EndGlobal
